
Microsoft Visual Studio Solution File, Format Version 12.00
# Visual Studio 14
VisualStudioVersion = 14.0.25420.1
MinimumVisualStudioVersion = 10.0.40219.1
Project("{8BC9CEB8-8B4A-11D0-8D11-00A0C91BC942}") = "Preprocess", "Preprocess\Preprocess.vcxproj", "{778F5B57-95F0-43B0-99A3-A409C72E0719}"
EndProject
Global
	GlobalSection(SolutionConfigurationPlatforms) = preSolution
		Debug|x64 = Debug|x64
		Release|x64 = Release|x64
	EndGlobalSection
	GlobalSection(ProjectConfigurationPlatforms) = postSolution
		{778F5B57-95F0-43B0-99A3-A409C72E0719}.Debug|x64.ActiveCfg = Debug|x64
		{778F5B57-95F0-43B0-99A3-A409C72E0719}.Debug|x64.Build.0 = Debug|x64
		{778F5B57-95F0-43B0-99A3-A409C72E0719}.Release|x64.ActiveCfg = Release|x64
		{778F5B57-95F0-43B0-99A3-A409C72E0719}.Release|x64.Build.0 = Release|x64
	EndGlobalSection
	GlobalSection(SolutionProperties) = preSolution
		HideSolutionNode = FALSE
	EndGlobalSection
EndGlobal
